// !$*UTF8*$!
{
	archiveVersion = 1;
	classes = {
	};
	objectVersion = 48;
	objects = {

/* Begin PBXBuildFile section */
		034EAD6F1FBC32DE005D96A9 /* AppDelegate.swift in Sources */ = {isa = PBXBuildFile; fileRef = 034EAD6E1FBC32DE005D96A9 /* AppDelegate.swift */; };
		034EAD711FBC32DE005D96A9 /* ViewController.swift in Sources */ = {isa = PBXBuildFile; fileRef = 034EAD701FBC32DE005D96A9 /* ViewController.swift */; };
		034EAD741FBC32DE005D96A9 /* Main.storyboard in Resources */ = {isa = PBXBuildFile; fileRef = 034EAD721FBC32DE005D96A9 /* Main.storyboard */; };
		034EAD761FBC32DE005D96A9 /* Assets.xcassets in Resources */ = {isa = PBXBuildFile; fileRef = 034EAD751FBC32DE005D96A9 /* Assets.xcassets */; };
		034EAD791FBC32DE005D96A9 /* LaunchScreen.storyboard in Resources */ = {isa = PBXBuildFile; fileRef = 034EAD771FBC32DE005D96A9 /* LaunchScreen.storyboard */; };
		034EAD841FBC32DE005D96A9 /* bleTests.swift in Sources */ = {isa = PBXBuildFile; fileRef = 034EAD831FBC32DE005D96A9 /* bleTests.swift */; };
		034EAD8F1FBC32DE005D96A9 /* bleUITests.swift in Sources */ = {isa = PBXBuildFile; fileRef = 034EAD8E1FBC32DE005D96A9 /* bleUITests.swift */; };
		034EAD9D1FBC332A005D96A9 /* Peripheral.swift in Sources */ = {isa = PBXBuildFile; fileRef = 034EAD9C1FBC332A005D96A9 /* Peripheral.swift */; };
		034EAD9F1FBC3338005D96A9 /* Central.swift in Sources */ = {isa = PBXBuildFile; fileRef = 034EAD9E1FBC3338005D96A9 /* Central.swift */; };
/* End PBXBuildFile section */

/* Begin PBXContainerItemProxy section */
		034EAD801FBC32DE005D96A9 /* PBXContainerItemProxy */ = {
			isa = PBXContainerItemProxy;
			containerPortal = 034EAD631FBC32DE005D96A9 /* Project object */;
			proxyType = 1;
			remoteGlobalIDString = 034EAD6A1FBC32DE005D96A9;
			remoteInfo = ble;
		};
		034EAD8B1FBC32DE005D96A9 /* PBXContainerItemProxy */ = {
			isa = PBXContainerItemProxy;
			containerPortal = 034EAD631FBC32DE005D96A9 /* Project object */;
			proxyType = 1;
			remoteGlobalIDString = 034EAD6A1FBC32DE005D96A9;
			remoteInfo = ble;
		};
/* End PBXContainerItemProxy section */

/* Begin PBXFileReference section */
		034EAD6B1FBC32DE005D96A9 /* ble.app */ = {isa = PBXFileReference; explicitFileType = wrapper.application; includeInIndex = 0; path = ble.app; sourceTree = BUILT_PRODUCTS_DIR; };
		034EAD6E1FBC32DE005D96A9 /* AppDelegate.swift */ = {isa = PBXFileReference; lastKnownFileType = sourcecode.swift; path = AppDelegate.swift; sourceTree = "<group>"; };
		034EAD701FBC32DE005D96A9 /* ViewController.swift */ = {isa = PBXFileReference; lastKnownFileType = sourcecode.swift; path = ViewController.swift; sourceTree = "<group>"; };
		034EAD731FBC32DE005D96A9 /* Base */ = {isa = PBXFileReference; lastKnownFileType = file.storyboard; name = Base; path = Base.lproj/Main.storyboard; sourceTree = "<group>"; };
		034EAD751FBC32DE005D96A9 /* Assets.xcassets */ = {isa = PBXFileReference; lastKnownFileType = folder.assetcatalog; path = Assets.xcassets; sourceTree = "<group>"; };
		034EAD781FBC32DE005D96A9 /* Base */ = {isa = PBXFileReference; lastKnownFileType = file.storyboard; name = Base; path = Base.lproj/LaunchScreen.storyboard; sourceTree = "<group>"; };
		034EAD7A1FBC32DE005D96A9 /* Info.plist */ = {isa = PBXFileReference; lastKnownFileType = text.plist.xml; path = Info.plist; sourceTree = "<group>"; };
		034EAD7F1FBC32DE005D96A9 /* bleTests.xctest */ = {isa = PBXFileReference; explicitFileType = wrapper.cfbundle; includeInIndex = 0; path = bleTests.xctest; sourceTree = BUILT_PRODUCTS_DIR; };
		034EAD831FBC32DE005D96A9 /* bleTests.swift */ = {isa = PBXFileReference; lastKnownFileType = sourcecode.swift; path = bleTests.swift; sourceTree = "<group>"; };
		034EAD851FBC32DE005D96A9 /* Info.plist */ = {isa = PBXFileReference; lastKnownFileType = text.plist.xml; path = Info.plist; sourceTree = "<group>"; };
		034EAD8A1FBC32DE005D96A9 /* bleUITests.xctest */ = {isa = PBXFileReference; explicitFileType = wrapper.cfbundle; includeInIndex = 0; path = bleUITests.xctest; sourceTree = BUILT_PRODUCTS_DIR; };
		034EAD8E1FBC32DE005D96A9 /* bleUITests.swift */ = {isa = PBXFileReference; lastKnownFileType = sourcecode.swift; path = bleUITests.swift; sourceTree = "<group>"; };
		034EAD901FBC32DE005D96A9 /* Info.plist */ = {isa = PBXFileReference; lastKnownFileType = text.plist.xml; path = Info.plist; sourceTree = "<group>"; };
		034EAD9C1FBC332A005D96A9 /* Peripheral.swift */ = {isa = PBXFileReference; lastKnownFileType = sourcecode.swift; path = Peripheral.swift; sourceTree = "<group>"; };
		034EAD9E1FBC3338005D96A9 /* Central.swift */ = {isa = PBXFileReference; lastKnownFileType = sourcecode.swift; path = Central.swift; sourceTree = "<group>"; };
/* End PBXFileReference section */

/* Begin PBXFrameworksBuildPhase section */
		034EAD681FBC32DE005D96A9 /* Frameworks */ = {
			isa = PBXFrameworksBuildPhase;
			buildActionMask = 2147483647;
			files = (
			);
			runOnlyForDeploymentPostprocessing = 0;
		};
		034EAD7C1FBC32DE005D96A9 /* Frameworks */ = {
			isa = PBXFrameworksBuildPhase;
			buildActionMask = 2147483647;
			files = (
			);
			runOnlyForDeploymentPostprocessing = 0;
		};
		034EAD871FBC32DE005D96A9 /* Frameworks */ = {
			isa = PBXFrameworksBuildPhase;
			buildActionMask = 2147483647;
			files = (
			);
			runOnlyForDeploymentPostprocessing = 0;
		};
/* End PBXFrameworksBuildPhase section */

/* Begin PBXGroup section */
		034EAD621FBC32DE005D96A9 = {
			isa = PBXGroup;
			children = (
				034EAD6D1FBC32DE005D96A9 /* ble */,
				034EAD821FBC32DE005D96A9 /* bleTests */,
				034EAD8D1FBC32DE005D96A9 /* bleUITests */,
				034EAD6C1FBC32DE005D96A9 /* Products */,
			);
			sourceTree = "<group>";
		};
		034EAD6C1FBC32DE005D96A9 /* Products */ = {
			isa = PBXGroup;
			children = (
				034EAD6B1FBC32DE005D96A9 /* ble.app */,
				034EAD7F1FBC32DE005D96A9 /* bleTests.xctest */,
				034EAD8A1FBC32DE005D96A9 /* bleUITests.xctest */,
			);
			name = Products;
			sourceTree = "<group>";
		};
		034EAD6D1FBC32DE005D96A9 /* ble */ = {
			isa = PBXGroup;
			children = (
				034EAD6E1FBC32DE005D96A9 /* AppDelegate.swift */,
				034EAD701FBC32DE005D96A9 /* ViewController.swift */,
				034EAD721FBC32DE005D96A9 /* Main.storyboard */,
				034EAD751FBC32DE005D96A9 /* Assets.xcassets */,
				034EAD771FBC32DE005D96A9 /* LaunchScreen.storyboard */,
				034EAD7A1FBC32DE005D96A9 /* Info.plist */,
				034EAD9C1FBC332A005D96A9 /* Peripheral.swift */,
				034EAD9E1FBC3338005D96A9 /* Central.swift */,
			);
			path = ble;
			sourceTree = "<group>";
		};
		034EAD821FBC32DE005D96A9 /* bleTests */ = {
			isa = PBXGroup;
			children = (
				034EAD831FBC32DE005D96A9 /* bleTests.swift */,
				034EAD851FBC32DE005D96A9 /* Info.plist */,
			);
			path = bleTests;
			sourceTree = "<group>";
		};
		034EAD8D1FBC32DE005D96A9 /* bleUITests */ = {
			isa = PBXGroup;
			children = (
				034EAD8E1FBC32DE005D96A9 /* bleUITests.swift */,
				034EAD901FBC32DE005D96A9 /* Info.plist */,
			);
			path = bleUITests;
			sourceTree = "<group>";
		};
/* End PBXGroup section */

/* Begin PBXNativeTarget section */
		034EAD6A1FBC32DE005D96A9 /* ble */ = {
			isa = PBXNativeTarget;
			buildConfigurationList = 034EAD931FBC32DE005D96A9 /* Build configuration list for PBXNativeTarget "ble" */;
			buildPhases = (
				034EAD671FBC32DE005D96A9 /* Sources */,
				034EAD681FBC32DE005D96A9 /* Frameworks */,
				034EAD691FBC32DE005D96A9 /* Resources */,
			);
			buildRules = (
			);
			dependencies = (
			);
			name = ble;
			productName = ble;
			productReference = 034EAD6B1FBC32DE005D96A9 /* ble.app */;
			productType = "com.apple.product-type.application";
		};
		034EAD7E1FBC32DE005D96A9 /* bleTests */ = {
			isa = PBXNativeTarget;
			buildConfigurationList = 034EAD961FBC32DE005D96A9 /* Build configuration list for PBXNativeTarget "bleTests" */;
			buildPhases = (
				034EAD7B1FBC32DE005D96A9 /* Sources */,
				034EAD7C1FBC32DE005D96A9 /* Frameworks */,
				034EAD7D1FBC32DE005D96A9 /* Resources */,
			);
			buildRules = (
			);
			dependencies = (
				034EAD811FBC32DE005D96A9 /* PBXTargetDependency */,
			);
			name = bleTests;
			productName = bleTests;
			productReference = 034EAD7F1FBC32DE005D96A9 /* bleTests.xctest */;
			productType = "com.apple.product-type.bundle.unit-test";
		};
		034EAD891FBC32DE005D96A9 /* bleUITests */ = {
			isa = PBXNativeTarget;
			buildConfigurationList = 034EAD991FBC32DE005D96A9 /* Build configuration list for PBXNativeTarget "bleUITests" */;
			buildPhases = (
				034EAD861FBC32DE005D96A9 /* Sources */,
				034EAD871FBC32DE005D96A9 /* Frameworks */,
				034EAD881FBC32DE005D96A9 /* Resources */,
			);
			buildRules = (
			);
			dependencies = (
				034EAD8C1FBC32DE005D96A9 /* PBXTargetDependency */,
			);
			name = bleUITests;
			productName = bleUITests;
			productReference = 034EAD8A1FBC32DE005D96A9 /* bleUITests.xctest */;
			productType = "com.apple.product-type.bundle.ui-testing";
		};
/* End PBXNativeTarget section */

/* Begin PBXProject section */
		034EAD631FBC32DE005D96A9 /* Project object */ = {
			isa = PBXProject;
			attributes = {
				LastSwiftUpdateCheck = 0920;
				LastUpgradeCheck = 0920;
				ORGANIZATIONNAME = "keisuke ishikura";
				TargetAttributes = {
					034EAD6A1FBC32DE005D96A9 = {
						CreatedOnToolsVersion = 9.2;
						ProvisioningStyle = Automatic;
					};
					034EAD7E1FBC32DE005D96A9 = {
						CreatedOnToolsVersion = 9.2;
						ProvisioningStyle = Automatic;
						TestTargetID = 034EAD6A1FBC32DE005D96A9;
					};
					034EAD891FBC32DE005D96A9 = {
						CreatedOnToolsVersion = 9.2;
						ProvisioningStyle = Automatic;
						TestTargetID = 034EAD6A1FBC32DE005D96A9;
					};
				};
			};
			buildConfigurationList = 034EAD661FBC32DE005D96A9 /* Build configuration list for PBXProject "ble" */;
			compatibilityVersion = "Xcode 8.0";
			developmentRegion = en;
			hasScannedForEncodings = 0;
			knownRegions = (
				en,
				Base,
			);
			mainGroup = 034EAD621FBC32DE005D96A9;
			productRefGroup = 034EAD6C1FBC32DE005D96A9 /* Products */;
			projectDirPath = "";
			projectRoot = "";
			targets = (
				034EAD6A1FBC32DE005D96A9 /* ble */,
				034EAD7E1FBC32DE005D96A9 /* bleTests */,
				034EAD891FBC32DE005D96A9 /* bleUITests */,
			);
		};
/* End PBXProject section */

/* Begin PBXResourcesBuildPhase section */
		034EAD691FBC32DE005D96A9 /* Resources */ = {
			isa = PBXResourcesBuildPhase;
			buildActionMask = 2147483647;
			files = (
				034EAD791FBC32DE005D96A9 /* LaunchScreen.storyboard in Resources */,
				034EAD761FBC32DE005D96A9 /* Assets.xcassets in Resources */,
				034EAD741FBC32DE005D96A9 /* Main.storyboard in Resources */,
			);
			runOnlyForDeploymentPostprocessing = 0;
		};
		034EAD7D1FBC32DE005D96A9 /* Resources */ = {
			isa = PBXResourcesBuildPhase;
			buildActionMask = 2147483647;
			files = (
			);
			runOnlyForDeploymentPostprocessing = 0;
		};
		034EAD881FBC32DE005D96A9 /* Resources */ = {
			isa = PBXResourcesBuildPhase;
			buildActionMask = 2147483647;
			files = (
			);
			runOnlyForDeploymentPostprocessing = 0;
		};
/* End PBXResourcesBuildPhase section */

/* Begin PBXSourcesBuildPhase section */
		034EAD671FBC32DE005D96A9 /* Sources */ = {
			isa = PBXSourcesBuildPhase;
			buildActionMask = 2147483647;
			files = (
				034EAD711FBC32DE005D96A9 /* ViewController.swift in Sources */,
				034EAD9F1FBC3338005D96A9 /* Central.swift in Sources */,
				034EAD9D1FBC332A005D96A9 /* Peripheral.swift in Sources */,
				034EAD6F1FBC32DE005D96A9 /* AppDelegate.swift in Sources */,
			);
			runOnlyForDeploymentPostprocessing = 0;
		};
		034EAD7B1FBC32DE005D96A9 /* Sources */ = {
			isa = PBXSourcesBuildPhase;
			buildActionMask = 2147483647;
			files = (
				034EAD841FBC32DE005D96A9 /* bleTests.swift in Sources */,
			);
			runOnlyForDeploymentPostprocessing = 0;
		};
		034EAD861FBC32DE005D96A9 /* Sources */ = {
			isa = PBXSourcesBuildPhase;
			buildActionMask = 2147483647;
			files = (
				034EAD8F1FBC32DE005D96A9 /* bleUITests.swift in Sources */,
			);
			runOnlyForDeploymentPostprocessing = 0;
		};
/* End PBXSourcesBuildPhase section */

/* Begin PBXTargetDependency section */
		034EAD811FBC32DE005D96A9 /* PBXTargetDependency */ = {
			isa = PBXTargetDependency;
			target = 034EAD6A1FBC32DE005D96A9 /* ble */;
			targetProxy = 034EAD801FBC32DE005D96A9 /* PBXContainerItemProxy */;
		};
		034EAD8C1FBC32DE005D96A9 /* PBXTargetDependency */ = {
			isa = PBXTargetDependency;
			target = 034EAD6A1FBC32DE005D96A9 /* ble */;
			targetProxy = 034EAD8B1FBC32DE005D96A9 /* PBXContainerItemProxy */;
		};
/* End PBXTargetDependency section */

/* Begin PBXVariantGroup section */
		034EAD721FBC32DE005D96A9 /* Main.storyboard */ = {
			isa = PBXVariantGroup;
			children = (
				034EAD731FBC32DE005D96A9 /* Base */,
			);
			name = Main.storyboard;
			sourceTree = "<group>";
		};
		034EAD771FBC32DE005D96A9 /* LaunchScreen.storyboard */ = {
			isa = PBXVariantGroup;
			children = (
				034EAD781FBC32DE005D96A9 /* Base */,
			);
			name = LaunchScreen.storyboard;
			sourceTree = "<group>";
		};
/* End PBXVariantGroup section */

/* Begin XCBuildConfiguration section */
		034EAD911FBC32DE005D96A9 /* Debug */ = {
			isa = XCBuildConfiguration;
			buildSettings = {
				ALWAYS_SEARCH_USER_PATHS = NO;
				CLANG_ANALYZER_NONNULL = YES;
				CLANG_ANALYZER_NUMBER_OBJECT_CONVERSION = YES_AGGRESSIVE;
				CLANG_CXX_LANGUAGE_STANDARD = "gnu++14";
				CLANG_CXX_LIBRARY = "libc++";
				CLANG_ENABLE_MODULES = YES;
				CLANG_ENABLE_OBJC_ARC = YES;
				CLANG_WARN_BLOCK_CAPTURE_AUTORELEASING = YES;
				CLANG_WARN_BOOL_CONVERSION = YES;
				CLANG_WARN_COMMA = YES;
				CLANG_WARN_CONSTANT_CONVERSION = YES;
				CLANG_WARN_DIRECT_OBJC_ISA_USAGE = YES_ERROR;
				CLANG_WARN_DOCUMENTATION_COMMENTS = YES;
				CLANG_WARN_EMPTY_BODY = YES;
				CLANG_WARN_ENUM_CONVERSION = YES;
				CLANG_WARN_INFINITE_RECURSION = YES;
				CLANG_WARN_INT_CONVERSION = YES;
				CLANG_WARN_NON_LITERAL_NULL_CONVERSION = YES;
				CLANG_WARN_OBJC_LITERAL_CONVERSION = YES;
				CLANG_WARN_OBJC_ROOT_CLASS = YES_ERROR;
				CLANG_WARN_RANGE_LOOP_ANALYSIS = YES;
				CLANG_WARN_STRICT_PROTOTYPES = YES;
				CLANG_WARN_SUSPICIOUS_MOVE = YES;
				CLANG_WARN_UNGUARDED_AVAILABILITY = YES_AGGRESSIVE;
				CLANG_WARN_UNREACHABLE_CODE = YES;
				CLANG_WARN__DUPLICATE_METHOD_MATCH = YES;
				CODE_SIGN_IDENTITY = "iPhone Developer";
				COPY_PHASE_STRIP = NO;
				DEBUG_INFORMATION_FORMAT = dwarf;
				ENABLE_STRICT_OBJC_MSGSEND = YES;
				ENABLE_TESTABILITY = YES;
				GCC_C_LANGUAGE_STANDARD = gnu11;
				GCC_DYNAMIC_NO_PIC = NO;
				GCC_NO_COMMON_BLOCKS = YES;
				GCC_OPTIMIZATION_LEVEL = 0;
				GCC_PREPROCESSOR_DEFINITIONS = (
					"DEBUG=1",
					"$(inherited)",
				);
				GCC_WARN_64_TO_32_BIT_CONVERSION = YES;
				GCC_WARN_ABOUT_RETURN_TYPE = YES_ERROR;
				GCC_WARN_UNDECLARED_SELECTOR = YES;
				GCC_WARN_UNINITIALIZED_AUTOS = YES_AGGRESSIVE;
				GCC_WARN_UNUSED_FUNCTION = YES;
				GCC_WARN_UNUSED_VARIABLE = YES;
				IPHONEOS_DEPLOYMENT_TARGET = 11.2;
				MTL_ENABLE_DEBUG_INFO = YES;
				ONLY_ACTIVE_ARCH = YES;
				SDKROOT = iphoneos;
				SWIFT_ACTIVE_COMPILATION_CONDITIONS = DEBUG;
				SWIFT_OPTIMIZATION_LEVEL = "-Onone";
			};
			name = Debug;
		};
		034EAD921FBC32DE005D96A9 /* Release */ = {
			isa = XCBuildConfiguration;
			buildSettings = {
				ALWAYS_SEARCH_USER_PATHS = NO;
				CLANG_ANALYZER_NONNULL = YES;
				CLANG_ANALYZER_NUMBER_OBJECT_CONVERSION = YES_AGGRESSIVE;
				CLANG_CXX_LANGUAGE_STANDARD = "gnu++14";
				CLANG_CXX_LIBRARY = "libc++";
				CLANG_ENABLE_MODULES = YES;
				CLANG_ENABLE_OBJC_ARC = YES;
				CLANG_WARN_BLOCK_CAPTURE_AUTORELEASING = YES;
				CLANG_WARN_BOOL_CONVERSION = YES;
				CLANG_WARN_COMMA = YES;
				CLANG_WARN_CONSTANT_CONVERSION = YES;
				CLANG_WARN_DIRECT_OBJC_ISA_USAGE = YES_ERROR;
				CLANG_WARN_DOCUMENTATION_COMMENTS = YES;
				CLANG_WARN_EMPTY_BODY = YES;
				CLANG_WARN_ENUM_CONVERSION = YES;
				CLANG_WARN_INFINITE_RECURSION = YES;
				CLANG_WARN_INT_CONVERSION = YES;
				CLANG_WARN_NON_LITERAL_NULL_CONVERSION = YES;
				CLANG_WARN_OBJC_LITERAL_CONVERSION = YES;
				CLANG_WARN_OBJC_ROOT_CLASS = YES_ERROR;
				CLANG_WARN_RANGE_LOOP_ANALYSIS = YES;
				CLANG_WARN_STRICT_PROTOTYPES = YES;
				CLANG_WARN_SUSPICIOUS_MOVE = YES;
				CLANG_WARN_UNGUARDED_AVAILABILITY = YES_AGGRESSIVE;
				CLANG_WARN_UNREACHABLE_CODE = YES;
				CLANG_WARN__DUPLICATE_METHOD_MATCH = YES;
				CODE_SIGN_IDENTITY = "iPhone Developer";
				COPY_PHASE_STRIP = NO;
				DEBUG_INFORMATION_FORMAT = "dwarf-with-dsym";
				ENABLE_NS_ASSERTIONS = NO;
				ENABLE_STRICT_OBJC_MSGSEND = YES;
				GCC_C_LANGUAGE_STANDARD = gnu11;
				GCC_NO_COMMON_BLOCKS = YES;
				GCC_WARN_64_TO_32_BIT_CONVERSION = YES;
				GCC_WARN_ABOUT_RETURN_TYPE = YES_ERROR;
				GCC_WARN_UNDECLARED_SELECTOR = YES;
				GCC_WARN_UNINITIALIZED_AUTOS = YES_AGGRESSIVE;
				GCC_WARN_UNUSED_FUNCTION = YES;
				GCC_WARN_UNUSED_VARIABLE = YES;
				IPHONEOS_DEPLOYMENT_TARGET = 11.2;
				MTL_ENABLE_DEBUG_INFO = NO;
				SDKROOT = iphoneos;
				SWIFT_OPTIMIZATION_LEVEL = "-Owholemodule";
				VALIDATE_PRODUCT = YES;
			};
			name = Release;
		};
		034EAD941FBC32DE005D96A9 /* Debug */ = {
			isa = XCBuildConfiguration;
			buildSettings = {
				ASSETCATALOG_COMPILER_APPICON_NAME = AppIcon;
				CODE_SIGN_STYLE = Automatic;
				INFOPLIST_FILE = ble/Info.plist;
				LD_RUNPATH_SEARCH_PATHS = "$(inherited) @executable_path/Frameworks";
				PRODUCT_BUNDLE_IDENTIFIER = jp.co.softbank.g.ble;
				PRODUCT_NAME = "$(TARGET_NAME)";
				SWIFT_VERSION = 4.0;
				TARGETED_DEVICE_FAMILY = "1,2";
			};
			name = Debug;
		};
		034EAD951FBC32DE005D96A9 /* Release */ = {
			isa = XCBuildConfiguration;
			buildSettings = {
				ASSETCATALOG_COMPILER_APPICON_NAME = AppIcon;
				CODE_SIGN_STYLE = Automatic;
				INFOPLIST_FILE = ble/Info.plist;
				LD_RUNPATH_SEARCH_PATHS = "$(inherited) @executable_path/Frameworks";
				PRODUCT_BUNDLE_IDENTIFIER = jp.co.softbank.g.ble;
				PRODUCT_NAME = "$(TARGET_NAME)";
				SWIFT_VERSION = 4.0;
				TARGETED_DEVICE_FAMILY = "1,2";
			};
			name = Release;
		};
		034EAD971FBC32DE005D96A9 /* Debug */ = {
			isa = XCBuildConfiguration;
			buildSettings = {
				ALWAYS_EMBED_SWIFT_STANDARD_LIBRARIES = YES;
				BUNDLE_LOADER = "$(TEST_HOST)";
				CODE_SIGN_STYLE = Automatic;
				INFOPLIST_FILE = bleTests/Info.plist;
				LD_RUNPATH_SEARCH_PATHS = "$(inherited) @executable_path/Frameworks @loader_path/Frameworks";
				PRODUCT_BUNDLE_IDENTIFIER = jp.co.softbank.g.bleTests;
				PRODUCT_NAME = "$(TARGET_NAME)";
				SWIFT_VERSION = 4.0;
				TARGETED_DEVICE_FAMILY = "1,2";
				TEST_HOST = "$(BUILT_PRODUCTS_DIR)/ble.app/ble";
			};
			name = Debug;
		};
		034EAD981FBC32DE005D96A9 /* Release */ = {
			isa = XCBuildConfiguration;
			buildSettings = {
				ALWAYS_EMBED_SWIFT_STANDARD_LIBRARIES = YES;
				BUNDLE_LOADER = "$(TEST_HOST)";
				CODE_SIGN_STYLE = Automatic;
				INFOPLIST_FILE = bleTests/Info.plist;
				LD_RUNPATH_SEARCH_PATHS = "$(inherited) @executable_path/Frameworks @loader_path/Frameworks";
				PRODUCT_BUNDLE_IDENTIFIER = jp.co.softbank.g.bleTests;
				PRODUCT_NAME = "$(TARGET_NAME)";
				SWIFT_VERSION = 4.0;
				TARGETED_DEVICE_FAMILY = "1,2";
				TEST_HOST = "$(BUILT_PRODUCTS_DIR)/ble.app/ble";
			};
			name = Release;
		};
		034EAD9A1FBC32DE005D96A9 /* Debug */ = {
			isa = XCBuildConfiguration;
			buildSettings = {
				ALWAYS_EMBED_SWIFT_STANDARD_LIBRARIES = YES;
				CODE_SIGN_STYLE = Automatic;
				INFOPLIST_FILE = bleUITests/Info.plist;
				LD_RUNPATH_SEARCH_PATHS = "$(inherited) @executable_path/Frameworks @loader_path/Frameworks";
				PRODUCT_BUNDLE_IDENTIFIER = jp.co.softbank.g.bleUITests;
				PRODUCT_NAME = "$(TARGET_NAME)";
				SWIFT_VERSION = 4.0;
				TARGETED_DEVICE_FAMILY = "1,2";
				TEST_TARGET_NAME = ble;
			};
			name = Debug;
		};
		034EAD9B1FBC32DE005D96A9 /* Release */ = {
			isa = XCBuildConfiguration;
			buildSettings = {
				ALWAYS_EMBED_SWIFT_STANDARD_LIBRARIES = YES;
				CODE_SIGN_STYLE = Automatic;
				INFOPLIST_FILE = bleUITests/Info.plist;
				LD_RUNPATH_SEARCH_PATHS = "$(inherited) @executable_path/Frameworks @loader_path/Frameworks";
				PRODUCT_BUNDLE_IDENTIFIER = jp.co.softbank.g.bleUITests;
				PRODUCT_NAME = "$(TARGET_NAME)";
				SWIFT_VERSION = 4.0;
				TARGETED_DEVICE_FAMILY = "1,2";
				TEST_TARGET_NAME = ble;
			};
			name = Release;
		};
/* End XCBuildConfiguration section */

/* Begin XCConfigurationList section */
		034EAD661FBC32DE005D96A9 /* Build configuration list for PBXProject "ble" */ = {
			isa = XCConfigurationList;
			buildConfigurations = (
				034EAD911FBC32DE005D96A9 /* Debug */,
				034EAD921FBC32DE005D96A9 /* Release */,
			);
			defaultConfigurationIsVisible = 0;
			defaultConfigurationName = Release;
		};
		034EAD931FBC32DE005D96A9 /* Build configuration list for PBXNativeTarget "ble" */ = {
			isa = XCConfigurationList;
			buildConfigurations = (
				034EAD941FBC32DE005D96A9 /* Debug */,
				034EAD951FBC32DE005D96A9 /* Release */,
			);
			defaultConfigurationIsVisible = 0;
			defaultConfigurationName = Release;
		};
		034EAD961FBC32DE005D96A9 /* Build configuration list for PBXNativeTarget "bleTests" */ = {
			isa = XCConfigurationList;
			buildConfigurations = (
				034EAD971FBC32DE005D96A9 /* Debug */,
				034EAD981FBC32DE005D96A9 /* Release */,
			);
			defaultConfigurationIsVisible = 0;
			defaultConfigurationName = Release;
		};
		034EAD991FBC32DE005D96A9 /* Build configuration list for PBXNativeTarget "bleUITests" */ = {
			isa = XCConfigurationList;
			buildConfigurations = (
				034EAD9A1FBC32DE005D96A9 /* Debug */,
				034EAD9B1FBC32DE005D96A9 /* Release */,
			);
			defaultConfigurationIsVisible = 0;
			defaultConfigurationName = Release;
		};
/* End XCConfigurationList section */
	};
	rootObject = 034EAD631FBC32DE005D96A9 /* Project object */;
}
